// !$*UTF8*$!
{
	archiveVersion = 1;
	classes = {
	};
	objectVersion = 46;
	objects = {

/* Begin PBXBuildFile section */
		385427AA1F45A26B0092F6DF /* main.m in Sources */ = {isa = PBXBuildFile; fileRef = 385427A91F45A26B0092F6DF /* main.m */; };
		385427AD1F45A26B0092F6DF /* AppDelegate.m in Sources */ = {isa = PBXBuildFile; fileRef = 385427AC1F45A26B0092F6DF /* AppDelegate.m */; };
		385427B01F45A26B0092F6DF /* ViewController.m in Sources */ = {isa = PBXBuildFile; fileRef = 385427AF1F45A26B0092F6DF /* ViewController.m */; };
		385427B31F45A26B0092F6DF /* Main.storyboard in Resources */ = {isa = PBXBuildFile; fileRef = 385427B11F45A26B0092F6DF /* Main.storyboard */; };
		385427B51F45A26B0092F6DF /* Assets.xcassets in Resources */ = {isa = PBXBuildFile; fileRef = 385427B41F45A26B0092F6DF /* Assets.xcassets */; };
		385427B81F45A26B0092F6DF /* LaunchScreen.storyboard in Resources */ = {isa = PBXBuildFile; fileRef = 385427B61F45A26B0092F6DF /* LaunchScreen.storyboard */; };
		385427C31F45A26B0092F6DF /* BossJobTests.m in Sources */ = {isa = PBXBuildFile; fileRef = 385427C21F45A26B0092F6DF /* BossJobTests.m */; };
		385427CE1F45A26B0092F6DF /* BossJobUITests.m in Sources */ = {isa = PBXBuildFile; fileRef = 385427CD1F45A26B0092F6DF /* BossJobUITests.m */; };
		385427DE1F45A5A70092F6DF /* BottomTabBarVC.m in Sources */ = {isa = PBXBuildFile; fileRef = 385427DD1F45A5A70092F6DF /* BottomTabBarVC.m */; };
		385427E21F45AA0D0092F6DF /* BaseViewController.m in Sources */ = {isa = PBXBuildFile; fileRef = 385427E11F45AA0D0092F6DF /* BaseViewController.m */; };
		385427E51F45AC0F0092F6DF /* InfoPlist.strings in Resources */ = {isa = PBXBuildFile; fileRef = 385427E71F45AC0F0092F6DF /* InfoPlist.strings */; };
		385427EF1F45AF260092F6DF /* JobVC.m in Sources */ = {isa = PBXBuildFile; fileRef = 385427EE1F45AF260092F6DF /* JobVC.m */; };
		385427F21F45AFEA0092F6DF /* CompanyVC.m in Sources */ = {isa = PBXBuildFile; fileRef = 385427F11F45AFEA0092F6DF /* CompanyVC.m */; };
		385427F51F45B2910092F6DF /* ic_f1_add.png in Resources */ = {isa = PBXBuildFile; fileRef = 385427F41F45B2910092F6DF /* ic_f1_add.png */; };
		385427F81F45B2A60092F6DF /* ic_filter_district_off.png in Resources */ = {isa = PBXBuildFile; fileRef = 385427F61F45B2A60092F6DF /* ic_filter_district_off.png */; };
		385427F91F45B2A60092F6DF /* ic_filter_district_on.png in Resources */ = {isa = PBXBuildFile; fileRef = 385427F71F45B2A60092F6DF /* ic_filter_district_on.png */; };
		385427FC1F45B2E90092F6DF /* ic_main_tab_find_nor.png in Resources */ = {isa = PBXBuildFile; fileRef = 385427FA1F45B2E90092F6DF /* ic_main_tab_find_nor.png */; };
		385427FD1F45B2E90092F6DF /* ic_main_tab_find_pre.png in Resources */ = {isa = PBXBuildFile; fileRef = 385427FB1F45B2E90092F6DF /* ic_main_tab_find_pre.png */; };
		385428001F45B2F90092F6DF /* ic_main_tab_my_nor.png in Resources */ = {isa = PBXBuildFile; fileRef = 385427FE1F45B2F90092F6DF /* ic_main_tab_my_nor.png */; };
		385428011F45B2F90092F6DF /* ic_main_tab_my_pre.png in Resources */ = {isa = PBXBuildFile; fileRef = 385427FF1F45B2F90092F6DF /* ic_main_tab_my_pre.png */; };
		385428051F45BB680092F6DF /* UIImage+UIImageExtras.m in Sources */ = {isa = PBXBuildFile; fileRef = 385428041F45BB680092F6DF /* UIImage+UIImageExtras.m */; };
		385428081F45BEA90092F6DF /* Localizable.strings in Resources */ = {isa = PBXBuildFile; fileRef = 3854280A1F45BEA90092F6DF /* Localizable.strings */; };
		3854280F1F45BF570092F6DF /* MsgVC.m in Sources */ = {isa = PBXBuildFile; fileRef = 3854280E1F45BF570092F6DF /* MsgVC.m */; };
		385428121F45BF720092F6DF /* MineVC.m in Sources */ = {isa = PBXBuildFile; fileRef = 385428111F45BF720092F6DF /* MineVC.m */; };
		385428151F45C1E40092F6DF /* ic_main_tab_contacts_nor.png in Resources */ = {isa = PBXBuildFile; fileRef = 385428131F45C1E40092F6DF /* ic_main_tab_contacts_nor.png */; };
		385428161F45C1E40092F6DF /* ic_main_tab_contacts_pre.png in Resources */ = {isa = PBXBuildFile; fileRef = 385428141F45C1E40092F6DF /* ic_main_tab_contacts_pre.png */; };
		385428341F45CAF20092F6DF /* MASCompositeConstraint.m in Sources */ = {isa = PBXBuildFile; fileRef = 3854281C1F45CAF20092F6DF /* MASCompositeConstraint.m */; };
		385428351F45CAF20092F6DF /* MASConstraint.m in Sources */ = {isa = PBXBuildFile; fileRef = 3854281F1F45CAF20092F6DF /* MASConstraint.m */; };
		385428361F45CAF20092F6DF /* MASConstraintMaker.m in Sources */ = {isa = PBXBuildFile; fileRef = 385428211F45CAF20092F6DF /* MASConstraintMaker.m */; };
		385428371F45CAF20092F6DF /* MASLayoutConstraint.m in Sources */ = {isa = PBXBuildFile; fileRef = 385428231F45CAF20092F6DF /* MASLayoutConstraint.m */; };
		385428381F45CAF20092F6DF /* MASViewAttribute.m in Sources */ = {isa = PBXBuildFile; fileRef = 385428271F45CAF20092F6DF /* MASViewAttribute.m */; };
		385428391F45CAF20092F6DF /* MASViewConstraint.m in Sources */ = {isa = PBXBuildFile; fileRef = 385428291F45CAF20092F6DF /* MASViewConstraint.m */; };
		3854283A1F45CAF20092F6DF /* NSArray+MASAdditions.m in Sources */ = {isa = PBXBuildFile; fileRef = 3854282B1F45CAF20092F6DF /* NSArray+MASAdditions.m */; };
		3854283B1F45CAF20092F6DF /* NSLayoutConstraint+MASDebugAdditions.m in Sources */ = {isa = PBXBuildFile; fileRef = 3854282E1F45CAF20092F6DF /* NSLayoutConstraint+MASDebugAdditions.m */; };
		3854283C1F45CAF20092F6DF /* View+MASAdditions.m in Sources */ = {isa = PBXBuildFile; fileRef = 385428301F45CAF20092F6DF /* View+MASAdditions.m */; };
		3854283D1F45CAF20092F6DF /* ViewController+MASAdditions.m in Sources */ = {isa = PBXBuildFile; fileRef = 385428331F45CAF20092F6DF /* ViewController+MASAdditions.m */; };
		38623F781F4684B800C5FFCE /* ic_action_search.png in Resources */ = {isa = PBXBuildFile; fileRef = 38623F771F4684B800C5FFCE /* ic_action_search.png */; };
		38623F7B1F4686D100C5FFCE /* FilterNavBar.m in Sources */ = {isa = PBXBuildFile; fileRef = 38623F7A1F4686D100C5FFCE /* FilterNavBar.m */; };
		38AA36AE1F4A873B00D641DE /* BasePageSegment.m in Sources */ = {isa = PBXBuildFile; fileRef = 38AA36AD1F4A873B00D641DE /* BasePageSegment.m */; };
		38AA36B11F4A89CF00D641DE /* PageSegmentMgr.m in Sources */ = {isa = PBXBuildFile; fileRef = 38AA36B01F4A89CF00D641DE /* PageSegmentMgr.m */; };
		38AA36B51F4A8BC000D641DE /* RecommendStrategy.m in Sources */ = {isa = PBXBuildFile; fileRef = 38AA36B41F4A8BC000D641DE /* RecommendStrategy.m */; };
		38AA36B81F4AB8AF00D641DE /* PositionStrategy.m in Sources */ = {isa = PBXBuildFile; fileRef = 38AA36B71F4AB8AF00D641DE /* PositionStrategy.m */; };
		38AA36BB1F4AC87600D641DE /* CompanyStrategy.m in Sources */ = {isa = PBXBuildFile; fileRef = 38AA36BA1F4AC87600D641DE /* CompanyStrategy.m */; };
		38D0C7491F468F1B00A0046A /* popup_arrow_down_gray.png in Resources */ = {isa = PBXBuildFile; fileRef = 38D0C7471F468F1B00A0046A /* popup_arrow_down_gray.png */; };
		38D0C74A1F468F1B00A0046A /* popup_arrow_down_green.png in Resources */ = {isa = PBXBuildFile; fileRef = 38D0C7481F468F1B00A0046A /* popup_arrow_down_green.png */; };
		38D0C7501F46E04800A0046A /* ic_selected_done.png in Resources */ = {isa = PBXBuildFile; fileRef = 38D0C74F1F46E04800A0046A /* ic_selected_done.png */; };
		6B108BB11F4869D200957CD4 /* UILabel+LabelHeightAndWidth.m in Sources */ = {isa = PBXBuildFile; fileRef = 6B108BB01F4869D200957CD4 /* UILabel+LabelHeightAndWidth.m */; };
		6B22867F1F49DE8300ED022B /* JobCell.m in Sources */ = {isa = PBXBuildFile; fileRef = 6B22867E1F49DE8300ED022B /* JobCell.m */; };
		6B24D03B1F47E8360027B16E /* BaseTabViewCell.m in Sources */ = {isa = PBXBuildFile; fileRef = 6B24D03A1F47E8360027B16E /* BaseTabViewCell.m */; };
		6B24D03E1F47E8CB0027B16E /* PosLeftFilterCell.m in Sources */ = {isa = PBXBuildFile; fileRef = 6B24D03D1F47E8CB0027B16E /* PosLeftFilterCell.m */; };
		6B24D0431F47F8E70027B16E /* Area.plist in Resources */ = {isa = PBXBuildFile; fileRef = 6B24D0421F47F8E70027B16E /* Area.plist */; };
		6B24D0451F47FA600027B16E /* shanghai.plist in Resources */ = {isa = PBXBuildFile; fileRef = 6B24D0441F47FA600027B16E /* shanghai.plist */; };
		6B24D0481F4815CD0027B16E /* CityOrMetroModel.m in Sources */ = {isa = PBXBuildFile; fileRef = 6B24D0471F4815CD0027B16E /* CityOrMetroModel.m */; };
		6B4DD77D1F49587300590D86 /* FlowLayout.m in Sources */ = {isa = PBXBuildFile; fileRef = 6B4DD77C1F49587300590D86 /* FlowLayout.m */; };
		6B4DD7801F49589A00590D86 /* UIView+Extension.m in Sources */ = {isa = PBXBuildFile; fileRef = 6B4DD77F1F49589A00590D86 /* UIView+Extension.m */; };
		6B4DD7831F4980CA00590D86 /* PaddingLabel.m in Sources */ = {isa = PBXBuildFile; fileRef = 6B4DD7821F4980CA00590D86 /* PaddingLabel.m */; };
/* End PBXBuildFile section */

/* Begin PBXContainerItemProxy section */
		385427BF1F45A26B0092F6DF /* PBXContainerItemProxy */ = {
			isa = PBXContainerItemProxy;
			containerPortal = 3854279D1F45A26B0092F6DF /* Project object */;
			proxyType = 1;
			remoteGlobalIDString = 385427A41F45A26B0092F6DF;
			remoteInfo = BossJob;
		};
		385427CA1F45A26B0092F6DF /* PBXContainerItemProxy */ = {
			isa = PBXContainerItemProxy;
			containerPortal = 3854279D1F45A26B0092F6DF /* Project object */;
			proxyType = 1;
			remoteGlobalIDString = 385427A41F45A26B0092F6DF;
			remoteInfo = BossJob;
		};
/* End PBXContainerItemProxy section */

/* Begin PBXFileReference section */
		385427A51F45A26B0092F6DF /* BossJob.app */ = {isa = PBXFileReference; explicitFileType = wrapper.application; includeInIndex = 0; path = BossJob.app; sourceTree = BUILT_PRODUCTS_DIR; };
		385427A91F45A26B0092F6DF /* main.m */ = {isa = PBXFileReference; lastKnownFileType = sourcecode.c.objc; path = main.m; sourceTree = "<group>"; };
		385427AB1F45A26B0092F6DF /* AppDelegate.h */ = {isa = PBXFileReference; lastKnownFileType = sourcecode.c.h; path = AppDelegate.h; sourceTree = "<group>"; };
		385427AC1F45A26B0092F6DF /* AppDelegate.m */ = {isa = PBXFileReference; lastKnownFileType = sourcecode.c.objc; path = AppDelegate.m; sourceTree = "<group>"; };
		385427AE1F45A26B0092F6DF /* ViewController.h */ = {isa = PBXFileReference; lastKnownFileType = sourcecode.c.h; path = ViewController.h; sourceTree = "<group>"; };
		385427AF1F45A26B0092F6DF /* ViewController.m */ = {isa = PBXFileReference; lastKnownFileType = sourcecode.c.objc; path = ViewController.m; sourceTree = "<group>"; };
		385427B21F45A26B0092F6DF /* Base */ = {isa = PBXFileReference; lastKnownFileType = file.storyboard; name = Base; path = Base.lproj/Main.storyboard; sourceTree = "<group>"; };
		385427B41F45A26B0092F6DF /* Assets.xcassets */ = {isa = PBXFileReference; lastKnownFileType = folder.assetcatalog; path = Assets.xcassets; sourceTree = "<group>"; };
		385427B71F45A26B0092F6DF /* Base */ = {isa = PBXFileReference; lastKnownFileType = file.storyboard; name = Base; path = Base.lproj/LaunchScreen.storyboard; sourceTree = "<group>"; };
		385427B91F45A26B0092F6DF /* Info.plist */ = {isa = PBXFileReference; lastKnownFileType = text.plist.xml; path = Info.plist; sourceTree = "<group>"; };
		385427BE1F45A26B0092F6DF /* BossJobTests.xctest */ = {isa = PBXFileReference; explicitFileType = wrapper.cfbundle; includeInIndex = 0; path = BossJobTests.xctest; sourceTree = BUILT_PRODUCTS_DIR; };
		385427C21F45A26B0092F6DF /* BossJobTests.m */ = {isa = PBXFileReference; lastKnownFileType = sourcecode.c.objc; path = BossJobTests.m; sourceTree = "<group>"; };
		385427C41F45A26B0092F6DF /* Info.plist */ = {isa = PBXFileReference; lastKnownFileType = text.plist.xml; path = Info.plist; sourceTree = "<group>"; };
		385427C91F45A26B0092F6DF /* BossJobUITests.xctest */ = {isa = PBXFileReference; explicitFileType = wrapper.cfbundle; includeInIndex = 0; path = BossJobUITests.xctest; sourceTree = BUILT_PRODUCTS_DIR; };
		385427CD1F45A26B0092F6DF /* BossJobUITests.m */ = {isa = PBXFileReference; lastKnownFileType = sourcecode.c.objc; path = BossJobUITests.m; sourceTree = "<group>"; };
		385427CF1F45A26B0092F6DF /* Info.plist */ = {isa = PBXFileReference; lastKnownFileType = text.plist.xml; path = Info.plist; sourceTree = "<group>"; };
		385427DC1F45A5A70092F6DF /* BottomTabBarVC.h */ = {isa = PBXFileReference; fileEncoding = 4; lastKnownFileType = sourcecode.c.h; path = BottomTabBarVC.h; sourceTree = "<group>"; };
		385427DD1F45A5A70092F6DF /* BottomTabBarVC.m */ = {isa = PBXFileReference; fileEncoding = 4; lastKnownFileType = sourcecode.c.objc; path = BottomTabBarVC.m; sourceTree = "<group>"; };
		385427E01F45AA0D0092F6DF /* BaseViewController.h */ = {isa = PBXFileReference; fileEncoding = 4; lastKnownFileType = sourcecode.c.h; path = BaseViewController.h; sourceTree = "<group>"; };
		385427E11F45AA0D0092F6DF /* BaseViewController.m */ = {isa = PBXFileReference; fileEncoding = 4; lastKnownFileType = sourcecode.c.objc; path = BaseViewController.m; sourceTree = "<group>"; };
		385427E91F45AC500092F6DF /* en */ = {isa = PBXFileReference; lastKnownFileType = text.plist.strings; name = en; path = en.lproj/InfoPlist.strings; sourceTree = "<group>"; };
		385427EA1F45AD960092F6DF /* zh-Hans */ = {isa = PBXFileReference; lastKnownFileType = text.plist.strings; name = "zh-Hans"; path = "zh-Hans.lproj/Main.strings"; sourceTree = "<group>"; };
		385427EB1F45AD970092F6DF /* zh-Hans */ = {isa = PBXFileReference; lastKnownFileType = text.plist.strings; name = "zh-Hans"; path = "zh-Hans.lproj/LaunchScreen.strings"; sourceTree = "<group>"; };
		385427EC1F45AD970092F6DF /* zh-Hans */ = {isa = PBXFileReference; lastKnownFileType = text.plist.strings; name = "zh-Hans"; path = "zh-Hans.lproj/InfoPlist.strings"; sourceTree = "<group>"; };
		385427ED1F45AF260092F6DF /* JobVC.h */ = {isa = PBXFileReference; fileEncoding = 4; lastKnownFileType = sourcecode.c.h; path = JobVC.h; sourceTree = "<group>"; };
		385427EE1F45AF260092F6DF /* JobVC.m */ = {isa = PBXFileReference; fileEncoding = 4; lastKnownFileType = sourcecode.c.objc; path = JobVC.m; sourceTree = "<group>"; };
		385427F01F45AFEA0092F6DF /* CompanyVC.h */ = {isa = PBXFileReference; fileEncoding = 4; lastKnownFileType = sourcecode.c.h; path = CompanyVC.h; sourceTree = "<group>"; };
		385427F11F45AFEA0092F6DF /* CompanyVC.m */ = {isa = PBXFileReference; fileEncoding = 4; lastKnownFileType = sourcecode.c.objc; path = CompanyVC.m; sourceTree = "<group>"; };
		385427F41F45B2910092F6DF /* ic_f1_add.png */ = {isa = PBXFileReference; lastKnownFileType = image.png; path = ic_f1_add.png; sourceTree = "<group>"; };
		385427F61F45B2A60092F6DF /* ic_filter_district_off.png */ = {isa = PBXFileReference; lastKnownFileType = image.png; path = ic_filter_district_off.png; sourceTree = "<group>"; };
		385427F71F45B2A60092F6DF /* ic_filter_district_on.png */ = {isa = PBXFileReference; lastKnownFileType = image.png; path = ic_filter_district_on.png; sourceTree = "<group>"; };
		385427FA1F45B2E90092F6DF /* ic_main_tab_find_nor.png */ = {isa = PBXFileReference; lastKnownFileType = image.png; path = ic_main_tab_find_nor.png; sourceTree = "<group>"; };
		385427FB1F45B2E90092F6DF /* ic_main_tab_find_pre.png */ = {isa = PBXFileReference; lastKnownFileType = image.png; path = ic_main_tab_find_pre.png; sourceTree = "<group>"; };
		385427FE1F45B2F90092F6DF /* ic_main_tab_my_nor.png */ = {isa = PBXFileReference; lastKnownFileType = image.png; path = ic_main_tab_my_nor.png; sourceTree = "<group>"; };
		385427FF1F45B2F90092F6DF /* ic_main_tab_my_pre.png */ = {isa = PBXFileReference; lastKnownFileType = image.png; path = ic_main_tab_my_pre.png; sourceTree = "<group>"; };
		385428031F45BB680092F6DF /* UIImage+UIImageExtras.h */ = {isa = PBXFileReference; fileEncoding = 4; lastKnownFileType = sourcecode.c.h; path = "UIImage+UIImageExtras.h"; sourceTree = "<group>"; };
		385428041F45BB680092F6DF /* UIImage+UIImageExtras.m */ = {isa = PBXFileReference; fileEncoding = 4; lastKnownFileType = sourcecode.c.objc; path = "UIImage+UIImageExtras.m"; sourceTree = "<group>"; };
		3854280B1F45BEAC0092F6DF /* en */ = {isa = PBXFileReference; lastKnownFileType = text.plist.strings; name = en; path = en.lproj/Localizable.strings; sourceTree = "<group>"; };
		3854280C1F45BEB00092F6DF /* zh-Hans */ = {isa = PBXFileReference; lastKnownFileType = text.plist.strings; name = "zh-Hans"; path = "zh-Hans.lproj/Localizable.strings"; sourceTree = "<group>"; };
		3854280D1F45BF570092F6DF /* MsgVC.h */ = {isa = PBXFileReference; fileEncoding = 4; lastKnownFileType = sourcecode.c.h; path = MsgVC.h; sourceTree = "<group>"; };
		3854280E1F45BF570092F6DF /* MsgVC.m */ = {isa = PBXFileReference; fileEncoding = 4; lastKnownFileType = sourcecode.c.objc; path = MsgVC.m; sourceTree = "<group>"; };
		385428101F45BF720092F6DF /* MineVC.h */ = {isa = PBXFileReference; fileEncoding = 4; lastKnownFileType = sourcecode.c.h; path = MineVC.h; sourceTree = "<group>"; };
		385428111F45BF720092F6DF /* MineVC.m */ = {isa = PBXFileReference; fileEncoding = 4; lastKnownFileType = sourcecode.c.objc; path = MineVC.m; sourceTree = "<group>"; };
		385428131F45C1E40092F6DF /* ic_main_tab_contacts_nor.png */ = {isa = PBXFileReference; lastKnownFileType = image.png; path = ic_main_tab_contacts_nor.png; sourceTree = "<group>"; };
		385428141F45C1E40092F6DF /* ic_main_tab_contacts_pre.png */ = {isa = PBXFileReference; lastKnownFileType = image.png; path = ic_main_tab_contacts_pre.png; sourceTree = "<group>"; };
		385428181F45C7ED0092F6DF /* Constants.h */ = {isa = PBXFileReference; lastKnownFileType = sourcecode.c.h; path = Constants.h; sourceTree = "<group>"; };
		3854281B1F45CAF20092F6DF /* MASCompositeConstraint.h */ = {isa = PBXFileReference; fileEncoding = 4; lastKnownFileType = sourcecode.c.h; path = MASCompositeConstraint.h; sourceTree = "<group>"; };
		3854281C1F45CAF20092F6DF /* MASCompositeConstraint.m */ = {isa = PBXFileReference; fileEncoding = 4; lastKnownFileType = sourcecode.c.objc; path = MASCompositeConstraint.m; sourceTree = "<group>"; };
		3854281D1F45CAF20092F6DF /* MASConstraint+Private.h */ = {isa = PBXFileReference; fileEncoding = 4; lastKnownFileType = sourcecode.c.h; path = "MASConstraint+Private.h"; sourceTree = "<group>"; };
		3854281E1F45CAF20092F6DF /* MASConstraint.h */ = {isa = PBXFileReference; fileEncoding = 4; lastKnownFileType = sourcecode.c.h; path = MASConstraint.h; sourceTree = "<group>"; };
		3854281F1F45CAF20092F6DF /* MASConstraint.m */ = {isa = PBXFileReference; fileEncoding = 4; lastKnownFileType = sourcecode.c.objc; path = MASConstraint.m; sourceTree = "<group>"; };
		385428201F45CAF20092F6DF /* MASConstraintMaker.h */ = {isa = PBXFileReference; fileEncoding = 4; lastKnownFileType = sourcecode.c.h; path = MASConstraintMaker.h; sourceTree = "<group>"; };
		385428211F45CAF20092F6DF /* MASConstraintMaker.m */ = {isa = PBXFileReference; fileEncoding = 4; lastKnownFileType = sourcecode.c.objc; path = MASConstraintMaker.m; sourceTree = "<group>"; };
		385428221F45CAF20092F6DF /* MASLayoutConstraint.h */ = {isa = PBXFileReference; fileEncoding = 4; lastKnownFileType = sourcecode.c.h; path = MASLayoutConstraint.h; sourceTree = "<group>"; };
		385428231F45CAF20092F6DF /* MASLayoutConstraint.m */ = {isa = PBXFileReference; fileEncoding = 4; lastKnownFileType = sourcecode.c.objc; path = MASLayoutConstraint.m; sourceTree = "<group>"; };
		385428241F45CAF20092F6DF /* Masonry.h */ = {isa = PBXFileReference; fileEncoding = 4; lastKnownFileType = sourcecode.c.h; path = Masonry.h; sourceTree = "<group>"; };
		385428251F45CAF20092F6DF /* MASUtilities.h */ = {isa = PBXFileReference; fileEncoding = 4; lastKnownFileType = sourcecode.c.h; path = MASUtilities.h; sourceTree = "<group>"; };
		385428261F45CAF20092F6DF /* MASViewAttribute.h */ = {isa = PBXFileReference; fileEncoding = 4; lastKnownFileType = sourcecode.c.h; path = MASViewAttribute.h; sourceTree = "<group>"; };
		385428271F45CAF20092F6DF /* MASViewAttribute.m */ = {isa = PBXFileReference; fileEncoding = 4; lastKnownFileType = sourcecode.c.objc; path = MASViewAttribute.m; sourceTree = "<group>"; };
		385428281F45CAF20092F6DF /* MASViewConstraint.h */ = {isa = PBXFileReference; fileEncoding = 4; lastKnownFileType = sourcecode.c.h; path = MASViewConstraint.h; sourceTree = "<group>"; };
		385428291F45CAF20092F6DF /* MASViewConstraint.m */ = {isa = PBXFileReference; fileEncoding = 4; lastKnownFileType = sourcecode.c.objc; path = MASViewConstraint.m; sourceTree = "<group>"; };
		3854282A1F45CAF20092F6DF /* NSArray+MASAdditions.h */ = {isa = PBXFileReference; fileEncoding = 4; lastKnownFileType = sourcecode.c.h; path = "NSArray+MASAdditions.h"; sourceTree = "<group>"; };
		3854282B1F45CAF20092F6DF /* NSArray+MASAdditions.m */ = {isa = PBXFileReference; fileEncoding = 4; lastKnownFileType = sourcecode.c.objc; path = "NSArray+MASAdditions.m"; sourceTree = "<group>"; };
		3854282C1F45CAF20092F6DF /* NSArray+MASShorthandAdditions.h */ = {isa = PBXFileReference; fileEncoding = 4; lastKnownFileType = sourcecode.c.h; path = "NSArray+MASShorthandAdditions.h"; sourceTree = "<group>"; };
		3854282D1F45CAF20092F6DF /* NSLayoutConstraint+MASDebugAdditions.h */ = {isa = PBXFileReference; fileEncoding = 4; lastKnownFileType = sourcecode.c.h; path = "NSLayoutConstraint+MASDebugAdditions.h"; sourceTree = "<group>"; };
		3854282E1F45CAF20092F6DF /* NSLayoutConstraint+MASDebugAdditions.m */ = {isa = PBXFileReference; fileEncoding = 4; lastKnownFileType = sourcecode.c.objc; path = "NSLayoutConstraint+MASDebugAdditions.m"; sourceTree = "<group>"; };
		3854282F1F45CAF20092F6DF /* View+MASAdditions.h */ = {isa = PBXFileReference; fileEncoding = 4; lastKnownFileType = sourcecode.c.h; path = "View+MASAdditions.h"; sourceTree = "<group>"; };
		385428301F45CAF20092F6DF /* View+MASAdditions.m */ = {isa = PBXFileReference; fileEncoding = 4; lastKnownFileType = sourcecode.c.objc; path = "View+MASAdditions.m"; sourceTree = "<group>"; };
		385428311F45CAF20092F6DF /* View+MASShorthandAdditions.h */ = {isa = PBXFileReference; fileEncoding = 4; lastKnownFileType = sourcecode.c.h; path = "View+MASShorthandAdditions.h"; sourceTree = "<group>"; };
		385428321F45CAF20092F6DF /* ViewController+MASAdditions.h */ = {isa = PBXFileReference; fileEncoding = 4; lastKnownFileType = sourcecode.c.h; path = "ViewController+MASAdditions.h"; sourceTree = "<group>"; };
		385428331F45CAF20092F6DF /* ViewController+MASAdditions.m */ = {isa = PBXFileReference; fileEncoding = 4; lastKnownFileType = sourcecode.c.objc; path = "ViewController+MASAdditions.m"; sourceTree = "<group>"; };
		38623F771F4684B800C5FFCE /* ic_action_search.png */ = {isa = PBXFileReference; lastKnownFileType = image.png; path = ic_action_search.png; sourceTree = "<group>"; };
		38623F791F4686D100C5FFCE /* FilterNavBar.h */ = {isa = PBXFileReference; fileEncoding = 4; lastKnownFileType = sourcecode.c.h; path = FilterNavBar.h; sourceTree = "<group>"; };
		38623F7A1F4686D100C5FFCE /* FilterNavBar.m */ = {isa = PBXFileReference; fileEncoding = 4; lastKnownFileType = sourcecode.c.objc; path = FilterNavBar.m; sourceTree = "<group>"; };
		38AA36AC1F4A873B00D641DE /* BasePageSegment.h */ = {isa = PBXFileReference; fileEncoding = 4; lastKnownFileType = sourcecode.c.h; path = BasePageSegment.h; sourceTree = "<group>"; };
		38AA36AD1F4A873B00D641DE /* BasePageSegment.m */ = {isa = PBXFileReference; fileEncoding = 4; lastKnownFileType = sourcecode.c.objc; path = BasePageSegment.m; sourceTree = "<group>"; };
		38AA36AF1F4A89CF00D641DE /* PageSegmentMgr.h */ = {isa = PBXFileReference; fileEncoding = 4; lastKnownFileType = sourcecode.c.h; path = PageSegmentMgr.h; sourceTree = "<group>"; };
		38AA36B01F4A89CF00D641DE /* PageSegmentMgr.m */ = {isa = PBXFileReference; fileEncoding = 4; lastKnownFileType = sourcecode.c.objc; path = PageSegmentMgr.m; sourceTree = "<group>"; };
		38AA36B31F4A8BC000D641DE /* RecommendStrategy.h */ = {isa = PBXFileReference; fileEncoding = 4; lastKnownFileType = sourcecode.c.h; name = RecommendStrategy.h; path = concrete_strategy/RecommendStrategy.h; sourceTree = "<group>"; };
		38AA36B41F4A8BC000D641DE /* RecommendStrategy.m */ = {isa = PBXFileReference; fileEncoding = 4; lastKnownFileType = sourcecode.c.objc; name = RecommendStrategy.m; path = concrete_strategy/RecommendStrategy.m; sourceTree = "<group>"; };
		38AA36B61F4AB8AF00D641DE /* PositionStrategy.h */ = {isa = PBXFileReference; fileEncoding = 4; lastKnownFileType = sourcecode.c.h; path = PositionStrategy.h; sourceTree = "<group>"; };
		38AA36B71F4AB8AF00D641DE /* PositionStrategy.m */ = {isa = PBXFileReference; fileEncoding = 4; lastKnownFileType = sourcecode.c.objc; path = PositionStrategy.m; sourceTree = "<group>"; };
		38AA36B91F4AC87600D641DE /* CompanyStrategy.h */ = {isa = PBXFileReference; fileEncoding = 4; lastKnownFileType = sourcecode.c.h; path = CompanyStrategy.h; sourceTree = "<group>"; };
		38AA36BA1F4AC87600D641DE /* CompanyStrategy.m */ = {isa = PBXFileReference; fileEncoding = 4; lastKnownFileType = sourcecode.c.objc; path = CompanyStrategy.m; sourceTree = "<group>"; };
		38D0C7471F468F1B00A0046A /* popup_arrow_down_gray.png */ = {isa = PBXFileReference; lastKnownFileType = image.png; path = popup_arrow_down_gray.png; sourceTree = "<group>"; };
		38D0C7481F468F1B00A0046A /* popup_arrow_down_green.png */ = {isa = PBXFileReference; lastKnownFileType = image.png; path = popup_arrow_down_green.png; sourceTree = "<group>"; };
		38D0C74F1F46E04800A0046A /* ic_selected_done.png */ = {isa = PBXFileReference; lastKnownFileType = image.png; path = ic_selected_done.png; sourceTree = "<group>"; };
		6B108BAF1F4869D200957CD4 /* UILabel+LabelHeightAndWidth.h */ = {isa = PBXFileReference; fileEncoding = 4; lastKnownFileType = sourcecode.c.h; path = "UILabel+LabelHeightAndWidth.h"; sourceTree = "<group>"; };
		6B108BB01F4869D200957CD4 /* UILabel+LabelHeightAndWidth.m */ = {isa = PBXFileReference; fileEncoding = 4; lastKnownFileType = sourcecode.c.objc; path = "UILabel+LabelHeightAndWidth.m"; sourceTree = "<group>"; };
		6B22867D1F49DE8300ED022B /* JobCell.h */ = {isa = PBXFileReference; fileEncoding = 4; lastKnownFileType = sourcecode.c.h; path = JobCell.h; sourceTree = "<group>"; };
		6B22867E1F49DE8300ED022B /* JobCell.m */ = {isa = PBXFileReference; fileEncoding = 4; lastKnownFileType = sourcecode.c.objc; path = JobCell.m; sourceTree = "<group>"; };
		6B24D0391F47E8360027B16E /* BaseTabViewCell.h */ = {isa = PBXFileReference; fileEncoding = 4; lastKnownFileType = sourcecode.c.h; path = BaseTabViewCell.h; sourceTree = "<group>"; };
		6B24D03A1F47E8360027B16E /* BaseTabViewCell.m */ = {isa = PBXFileReference; fileEncoding = 4; lastKnownFileType = sourcecode.c.objc; path = BaseTabViewCell.m; sourceTree = "<group>"; };
		6B24D03C1F47E8CB0027B16E /* PosLeftFilterCell.h */ = {isa = PBXFileReference; fileEncoding = 4; lastKnownFileType = sourcecode.c.h; path = PosLeftFilterCell.h; sourceTree = "<group>"; };
		6B24D03D1F47E8CB0027B16E /* PosLeftFilterCell.m */ = {isa = PBXFileReference; fileEncoding = 4; lastKnownFileType = sourcecode.c.objc; path = PosLeftFilterCell.m; sourceTree = "<group>"; };
		6B24D0421F47F8E70027B16E /* Area.plist */ = {isa = PBXFileReference; fileEncoding = 4; lastKnownFileType = text.plist.xml; path = Area.plist; sourceTree = "<group>"; };
		6B24D0441F47FA600027B16E /* shanghai.plist */ = {isa = PBXFileReference; fileEncoding = 4; lastKnownFileType = text.plist.xml; path = shanghai.plist; sourceTree = "<group>"; };
		6B24D0461F4815CD0027B16E /* CityOrMetroModel.h */ = {isa = PBXFileReference; fileEncoding = 4; lastKnownFileType = sourcecode.c.h; path = CityOrMetroModel.h; sourceTree = "<group>"; };
		6B24D0471F4815CD0027B16E /* CityOrMetroModel.m */ = {isa = PBXFileReference; fileEncoding = 4; lastKnownFileType = sourcecode.c.objc; path = CityOrMetroModel.m; sourceTree = "<group>"; };
		6B4DD77B1F49587300590D86 /* FlowLayout.h */ = {isa = PBXFileReference; fileEncoding = 4; lastKnownFileType = sourcecode.c.h; path = FlowLayout.h; sourceTree = "<group>"; };
		6B4DD77C1F49587300590D86 /* FlowLayout.m */ = {isa = PBXFileReference; fileEncoding = 4; lastKnownFileType = sourcecode.c.objc; path = FlowLayout.m; sourceTree = "<group>"; };
		6B4DD77E1F49589A00590D86 /* UIView+Extension.h */ = {isa = PBXFileReference; fileEncoding = 4; lastKnownFileType = sourcecode.c.h; path = "UIView+Extension.h"; sourceTree = "<group>"; };
		6B4DD77F1F49589A00590D86 /* UIView+Extension.m */ = {isa = PBXFileReference; fileEncoding = 4; lastKnownFileType = sourcecode.c.objc; path = "UIView+Extension.m"; sourceTree = "<group>"; };
		6B4DD7811F4980CA00590D86 /* PaddingLabel.h */ = {isa = PBXFileReference; fileEncoding = 4; lastKnownFileType = sourcecode.c.h; path = PaddingLabel.h; sourceTree = "<group>"; };
		6B4DD7821F4980CA00590D86 /* PaddingLabel.m */ = {isa = PBXFileReference; fileEncoding = 4; lastKnownFileType = sourcecode.c.objc; path = PaddingLabel.m; sourceTree = "<group>"; };
/* End PBXFileReference section */

/* Begin PBXFrameworksBuildPhase section */
		385427A21F45A26B0092F6DF /* Frameworks */ = {
			isa = PBXFrameworksBuildPhase;
			buildActionMask = 2147483647;
			files = (
			);
			runOnlyForDeploymentPostprocessing = 0;
		};
		385427BB1F45A26B0092F6DF /* Frameworks */ = {
			isa = PBXFrameworksBuildPhase;
			buildActionMask = 2147483647;
			files = (
			);
			runOnlyForDeploymentPostprocessing = 0;
		};
		385427C61F45A26B0092F6DF /* Frameworks */ = {
			isa = PBXFrameworksBuildPhase;
			buildActionMask = 2147483647;
			files = (
			);
			runOnlyForDeploymentPostprocessing = 0;
		};
/* End PBXFrameworksBuildPhase section */

/* Begin PBXGroup section */
		3854279C1F45A26B0092F6DF = {
			isa = PBXGroup;
			children = (
				385427A71F45A26B0092F6DF /* BossJob */,
				385427C11F45A26B0092F6DF /* BossJobTests */,
				385427CC1F45A26B0092F6DF /* BossJobUITests */,
				385427A61F45A26B0092F6DF /* Products */,
			);
			sourceTree = "<group>";
		};
		385427A61F45A26B0092F6DF /* Products */ = {
			isa = PBXGroup;
			children = (
				385427A51F45A26B0092F6DF /* BossJob.app */,
				385427BE1F45A26B0092F6DF /* BossJobTests.xctest */,
				385427C91F45A26B0092F6DF /* BossJobUITests.xctest */,
			);
			name = Products;
			sourceTree = "<group>";
		};
		385427A71F45A26B0092F6DF /* BossJob */ = {
			isa = PBXGroup;
			children = (
				6B108BAB1F4868AB00957CD4 /* categories */,
				6B24D0401F47F8AC0027B16E /* res */,
				385428191F45CADB0092F6DF /* Framework */,
				385428171F45C7DE0092F6DF /* defines */,
				385428021F45BB560092F6DF /* widgt */,
				385427DF1F45A9E60092F6DF /* ViewController */,
				385427DB1F45A2750092F6DF /* Home */,
				385427AB1F45A26B0092F6DF /* AppDelegate.h */,
				385427AC1F45A26B0092F6DF /* AppDelegate.m */,
				385427AE1F45A26B0092F6DF /* ViewController.h */,
				385427AF1F45A26B0092F6DF /* ViewController.m */,
				385427B11F45A26B0092F6DF /* Main.storyboard */,
				385427B41F45A26B0092F6DF /* Assets.xcassets */,
				385427B61F45A26B0092F6DF /* LaunchScreen.storyboard */,
				385427B91F45A26B0092F6DF /* Info.plist */,
				385427A81F45A26B0092F6DF /* Supporting Files */,
				385427E71F45AC0F0092F6DF /* InfoPlist.strings */,
				3854280A1F45BEA90092F6DF /* Localizable.strings */,
			);
			path = BossJob;
			sourceTree = "<group>";
		};
		385427A81F45A26B0092F6DF /* Supporting Files */ = {
			isa = PBXGroup;
			children = (
				385427A91F45A26B0092F6DF /* main.m */,
			);
			name = "Supporting Files";
			sourceTree = "<group>";
		};
		385427C11F45A26B0092F6DF /* BossJobTests */ = {
			isa = PBXGroup;
			children = (
				385427C21F45A26B0092F6DF /* BossJobTests.m */,
				385427C41F45A26B0092F6DF /* Info.plist */,
			);
			path = BossJobTests;
			sourceTree = "<group>";
		};
		385427CC1F45A26B0092F6DF /* BossJobUITests */ = {
			isa = PBXGroup;
			children = (
				385427CD1F45A26B0092F6DF /* BossJobUITests.m */,
				385427CF1F45A26B0092F6DF /* Info.plist */,
			);
			path = BossJobUITests;
			sourceTree = "<group>";
		};
		385427DB1F45A2750092F6DF /* Home */ = {
			isa = PBXGroup;
			children = (
				385427DC1F45A5A70092F6DF /* BottomTabBarVC.h */,
				385427DD1F45A5A70092F6DF /* BottomTabBarVC.m */,
			);
			name = Home;
			sourceTree = "<group>";
		};
		385427DF1F45A9E60092F6DF /* ViewController */ = {
			isa = PBXGroup;
			children = (
				6B4DD7781F49573B00590D86 /* flowlayout */,
				6B24D0381F47E81E0027B16E /* view */,
				38D0C74B1F46D86A00A0046A /* job */,
				385427E01F45AA0D0092F6DF /* BaseViewController.h */,
				385427E11F45AA0D0092F6DF /* BaseViewController.m */,
				385427F01F45AFEA0092F6DF /* CompanyVC.h */,
				385427F11F45AFEA0092F6DF /* CompanyVC.m */,
				3854280D1F45BF570092F6DF /* MsgVC.h */,
				3854280E1F45BF570092F6DF /* MsgVC.m */,
				385428101F45BF720092F6DF /* MineVC.h */,
				385428111F45BF720092F6DF /* MineVC.m */,
			);
			name = ViewController;
			sourceTree = "<group>";
		};
		385427F31F45B2800092F6DF /* images */ = {
			isa = PBXGroup;
			children = (
				38D0C74F1F46E04800A0046A /* ic_selected_done.png */,
				38D0C7471F468F1B00A0046A /* popup_arrow_down_gray.png */,
				38D0C7481F468F1B00A0046A /* popup_arrow_down_green.png */,
				38623F771F4684B800C5FFCE /* ic_action_search.png */,
				385428131F45C1E40092F6DF /* ic_main_tab_contacts_nor.png */,
				385428141F45C1E40092F6DF /* ic_main_tab_contacts_pre.png */,
				385427FE1F45B2F90092F6DF /* ic_main_tab_my_nor.png */,
				385427FF1F45B2F90092F6DF /* ic_main_tab_my_pre.png */,
				385427FA1F45B2E90092F6DF /* ic_main_tab_find_nor.png */,
				385427FB1F45B2E90092F6DF /* ic_main_tab_find_pre.png */,
				385427F61F45B2A60092F6DF /* ic_filter_district_off.png */,
				385427F71F45B2A60092F6DF /* ic_filter_district_on.png */,
				385427F41F45B2910092F6DF /* ic_f1_add.png */,
			);
			name = images;
			sourceTree = "<group>";
		};
		385428021F45BB560092F6DF /* widgt */ = {
			isa = PBXGroup;
			children = (
				385428031F45BB680092F6DF /* UIImage+UIImageExtras.h */,
				385428041F45BB680092F6DF /* UIImage+UIImageExtras.m */,
				38623F791F4686D100C5FFCE /* FilterNavBar.h */,
				38623F7A1F4686D100C5FFCE /* FilterNavBar.m */,
				6B4DD7811F4980CA00590D86 /* PaddingLabel.h */,
				6B4DD7821F4980CA00590D86 /* PaddingLabel.m */,
			);
			name = widgt;
			sourceTree = "<group>";
		};
		385428171F45C7DE0092F6DF /* defines */ = {
			isa = PBXGroup;
			children = (
				385428181F45C7ED0092F6DF /* Constants.h */,
			);
			name = defines;
			sourceTree = "<group>";
		};
		385428191F45CADB0092F6DF /* Framework */ = {
			isa = PBXGroup;
			children = (
				3854281A1F45CAF20092F6DF /* Masonry */,
			);
			name = Framework;
			sourceTree = "<group>";
		};
		3854281A1F45CAF20092F6DF /* Masonry */ = {
			isa = PBXGroup;
			children = (
				3854281B1F45CAF20092F6DF /* MASCompositeConstraint.h */,
				3854281C1F45CAF20092F6DF /* MASCompositeConstraint.m */,
				3854281D1F45CAF20092F6DF /* MASConstraint+Private.h */,
				3854281E1F45CAF20092F6DF /* MASConstraint.h */,
				3854281F1F45CAF20092F6DF /* MASConstraint.m */,
				385428201F45CAF20092F6DF /* MASConstraintMaker.h */,
				385428211F45CAF20092F6DF /* MASConstraintMaker.m */,
				385428221F45CAF20092F6DF /* MASLayoutConstraint.h */,
				385428231F45CAF20092F6DF /* MASLayoutConstraint.m */,
				385428241F45CAF20092F6DF /* Masonry.h */,
				385428251F45CAF20092F6DF /* MASUtilities.h */,
				385428261F45CAF20092F6DF /* MASViewAttribute.h */,
				385428271F45CAF20092F6DF /* MASViewAttribute.m */,
				385428281F45CAF20092F6DF /* MASViewConstraint.h */,
				385428291F45CAF20092F6DF /* MASViewConstraint.m */,
				3854282A1F45CAF20092F6DF /* NSArray+MASAdditions.h */,
				3854282B1F45CAF20092F6DF /* NSArray+MASAdditions.m */,
				3854282C1F45CAF20092F6DF /* NSArray+MASShorthandAdditions.h */,
				3854282D1F45CAF20092F6DF /* NSLayoutConstraint+MASDebugAdditions.h */,
				3854282E1F45CAF20092F6DF /* NSLayoutConstraint+MASDebugAdditions.m */,
				3854282F1F45CAF20092F6DF /* View+MASAdditions.h */,
				385428301F45CAF20092F6DF /* View+MASAdditions.m */,
				385428311F45CAF20092F6DF /* View+MASShorthandAdditions.h */,
				385428321F45CAF20092F6DF /* ViewController+MASAdditions.h */,
				385428331F45CAF20092F6DF /* ViewController+MASAdditions.m */,
			);
			path = Masonry;
			sourceTree = "<group>";
		};
		38AA36AB1F4A867B00D641DE /* Strategy */ = {
			isa = PBXGroup;
			children = (
				38AA36B21F4A8B2900D641DE /* concrete_strategy */,
				38AA36AC1F4A873B00D641DE /* BasePageSegment.h */,
				38AA36AD1F4A873B00D641DE /* BasePageSegment.m */,
				38AA36AF1F4A89CF00D641DE /* PageSegmentMgr.h */,
				38AA36B01F4A89CF00D641DE /* PageSegmentMgr.m */,
			);
			name = Strategy;
			path = ViewController/job/view/Strategy;
			sourceTree = "<group>";
		};
		38AA36B21F4A8B2900D641DE /* concrete_strategy */ = {
			isa = PBXGroup;
			children = (
				38AA36B31F4A8BC000D641DE /* RecommendStrategy.h */,
				38AA36B41F4A8BC000D641DE /* RecommendStrategy.m */,
				38AA36B61F4AB8AF00D641DE /* PositionStrategy.h */,
				38AA36B71F4AB8AF00D641DE /* PositionStrategy.m */,
				38AA36B91F4AC87600D641DE /* CompanyStrategy.h */,
				38AA36BA1F4AC87600D641DE /* CompanyStrategy.m */,
			);
			name = concrete_strategy;
			sourceTree = "<group>";
		};
		38D0C74B1F46D86A00A0046A /* job */ = {
			isa = PBXGroup;
			children = (
				38D0C74E1F46D88F00A0046A /* view */,
				38D0C74D1F46D88700A0046A /* model */,
				38D0C74C1F46D87700A0046A /* controller */,
			);
			name = job;
			sourceTree = "<group>";
		};
		38D0C74C1F46D87700A0046A /* controller */ = {
			isa = PBXGroup;
			children = (
				385427ED1F45AF260092F6DF /* JobVC.h */,
				385427EE1F45AF260092F6DF /* JobVC.m */,
			);
			name = controller;
			sourceTree = "<group>";
		};
		38D0C74D1F46D88700A0046A /* model */ = {
			isa = PBXGroup;
			children = (
				6B24D0461F4815CD0027B16E /* CityOrMetroModel.h */,
				6B24D0471F4815CD0027B16E /* CityOrMetroModel.m */,
			);
			name = model;
			sourceTree = "<group>";
		};
		38D0C74E1F46D88F00A0046A /* view */ = {
			isa = PBXGroup;
			children = (
				38AA36AB1F4A867B00D641DE /* Strategy */,
				6B24D03C1F47E8CB0027B16E /* PosLeftFilterCell.h */,
				6B24D03D1F47E8CB0027B16E /* PosLeftFilterCell.m */,
				6B22867D1F49DE8300ED022B /* JobCell.h */,
				6B22867E1F49DE8300ED022B /* JobCell.m */,
			);
			name = view;
			sourceTree = "<group>";
		};
		6B108BAB1F4868AB00957CD4 /* categories */ = {
			isa = PBXGroup;
			children = (
				6B108BAF1F4869D200957CD4 /* UILabel+LabelHeightAndWidth.h */,
				6B108BB01F4869D200957CD4 /* UILabel+LabelHeightAndWidth.m */,
			);
			name = categories;
			sourceTree = "<group>";
		};
		6B24D0381F47E81E0027B16E /* view */ = {
			isa = PBXGroup;
			children = (
				6B24D0391F47E8360027B16E /* BaseTabViewCell.h */,
				6B24D03A1F47E8360027B16E /* BaseTabViewCell.m */,
			);
			name = view;
			sourceTree = "<group>";
		};
		6B24D0401F47F8AC0027B16E /* res */ = {
			isa = PBXGroup;
			children = (
				6B24D0411F47F8B70027B16E /* config */,
				385427F31F45B2800092F6DF /* images */,
			);
			name = res;
			sourceTree = "<group>";
		};
		6B24D0411F47F8B70027B16E /* config */ = {
			isa = PBXGroup;
			children = (
				6B24D0441F47FA600027B16E /* shanghai.plist */,
				6B24D0421F47F8E70027B16E /* Area.plist */,
			);
			name = config;
			sourceTree = "<group>";
		};
		6B4DD7781F49573B00590D86 /* flowlayout */ = {
			isa = PBXGroup;
			children = (
				6B4DD77B1F49587300590D86 /* FlowLayout.h */,
				6B4DD77C1F49587300590D86 /* FlowLayout.m */,
				6B4DD77E1F49589A00590D86 /* UIView+Extension.h */,
				6B4DD77F1F49589A00590D86 /* UIView+Extension.m */,
			);
			path = flowlayout;
			sourceTree = "<group>";
		};
/* End PBXGroup section */

/* Begin PBXNativeTarget section */
		385427A41F45A26B0092F6DF /* BossJob */ = {
			isa = PBXNativeTarget;
			buildConfigurationList = 385427D21F45A26B0092F6DF /* Build configuration list for PBXNativeTarget "BossJob" */;
			buildPhases = (
				385427A11F45A26B0092F6DF /* Sources */,
				385427A21F45A26B0092F6DF /* Frameworks */,
				385427A31F45A26B0092F6DF /* Resources */,
			);
			buildRules = (
			);
			dependencies = (
			);
			name = BossJob;
			productName = BossJob;
			productReference = 385427A51F45A26B0092F6DF /* BossJob.app */;
			productType = "com.apple.product-type.application";
		};
		385427BD1F45A26B0092F6DF /* BossJobTests */ = {
			isa = PBXNativeTarget;
			buildConfigurationList = 385427D51F45A26B0092F6DF /* Build configuration list for PBXNativeTarget "BossJobTests" */;
			buildPhases = (
				385427BA1F45A26B0092F6DF /* Sources */,
				385427BB1F45A26B0092F6DF /* Frameworks */,
				385427BC1F45A26B0092F6DF /* Resources */,
			);
			buildRules = (
			);
			dependencies = (
				385427C01F45A26B0092F6DF /* PBXTargetDependency */,
			);
			name = BossJobTests;
			productName = BossJobTests;
			productReference = 385427BE1F45A26B0092F6DF /* BossJobTests.xctest */;
			productType = "com.apple.product-type.bundle.unit-test";
		};
		385427C81F45A26B0092F6DF /* BossJobUITests */ = {
			isa = PBXNativeTarget;
			buildConfigurationList = 385427D81F45A26B0092F6DF /* Build configuration list for PBXNativeTarget "BossJobUITests" */;
			buildPhases = (
				385427C51F45A26B0092F6DF /* Sources */,
				385427C61F45A26B0092F6DF /* Frameworks */,
				385427C71F45A26B0092F6DF /* Resources */,
			);
			buildRules = (
			);
			dependencies = (
				385427CB1F45A26B0092F6DF /* PBXTargetDependency */,
			);
			name = BossJobUITests;
			productName = BossJobUITests;
			productReference = 385427C91F45A26B0092F6DF /* BossJobUITests.xctest */;
			productType = "com.apple.product-type.bundle.ui-testing";
		};
/* End PBXNativeTarget section */

/* Begin PBXProject section */
		3854279D1F45A26B0092F6DF /* Project object */ = {
			isa = PBXProject;
			attributes = {
				LastUpgradeCheck = 0830;
				ORGANIZATIONNAME = "刘小兵";
				TargetAttributes = {
					385427A41F45A26B0092F6DF = {
						CreatedOnToolsVersion = 8.3.3;
						ProvisioningStyle = Automatic;
					};
					385427BD1F45A26B0092F6DF = {
						CreatedOnToolsVersion = 8.3.3;
						ProvisioningStyle = Automatic;
						TestTargetID = 385427A41F45A26B0092F6DF;
					};
					385427C81F45A26B0092F6DF = {
						CreatedOnToolsVersion = 8.3.3;
						ProvisioningStyle = Automatic;
						TestTargetID = 385427A41F45A26B0092F6DF;
					};
				};
			};
			buildConfigurationList = 385427A01F45A26B0092F6DF /* Build configuration list for PBXProject "BossJob" */;
			compatibilityVersion = "Xcode 3.2";
			developmentRegion = English;
			hasScannedForEncodings = 0;
			knownRegions = (
				en,
				Base,
				"zh-Hans",
			);
			mainGroup = 3854279C1F45A26B0092F6DF;
			productRefGroup = 385427A61F45A26B0092F6DF /* Products */;
			projectDirPath = "";
			projectRoot = "";
			targets = (
				385427A41F45A26B0092F6DF /* BossJob */,
				385427BD1F45A26B0092F6DF /* BossJobTests */,
				385427C81F45A26B0092F6DF /* BossJobUITests */,
			);
		};
/* End PBXProject section */

/* Begin PBXResourcesBuildPhase section */
		385427A31F45A26B0092F6DF /* Resources */ = {
			isa = PBXResourcesBuildPhase;
			buildActionMask = 2147483647;
			files = (
				385427F91F45B2A60092F6DF /* ic_filter_district_on.png in Resources */,
				6B24D0431F47F8E70027B16E /* Area.plist in Resources */,
				385428081F45BEA90092F6DF /* Localizable.strings in Resources */,
				385427FD1F45B2E90092F6DF /* ic_main_tab_find_pre.png in Resources */,
				38D0C7491F468F1B00A0046A /* popup_arrow_down_gray.png in Resources */,
				385428151F45C1E40092F6DF /* ic_main_tab_contacts_nor.png in Resources */,
				385427B81F45A26B0092F6DF /* LaunchScreen.storyboard in Resources */,
				385428161F45C1E40092F6DF /* ic_main_tab_contacts_pre.png in Resources */,
				385427F51F45B2910092F6DF /* ic_f1_add.png in Resources */,
				385427E51F45AC0F0092F6DF /* InfoPlist.strings in Resources */,
				38D0C74A1F468F1B00A0046A /* popup_arrow_down_green.png in Resources */,
				38D0C7501F46E04800A0046A /* ic_selected_done.png in Resources */,
				385427B51F45A26B0092F6DF /* Assets.xcassets in Resources */,
				38623F781F4684B800C5FFCE /* ic_action_search.png in Resources */,
				385428001F45B2F90092F6DF /* ic_main_tab_my_nor.png in Resources */,
				385428011F45B2F90092F6DF /* ic_main_tab_my_pre.png in Resources */,
				385427B31F45A26B0092F6DF /* Main.storyboard in Resources */,
				385427F81F45B2A60092F6DF /* ic_filter_district_off.png in Resources */,
				385427FC1F45B2E90092F6DF /* ic_main_tab_find_nor.png in Resources */,
				6B24D0451F47FA600027B16E /* shanghai.plist in Resources */,
			);
			runOnlyForDeploymentPostprocessing = 0;
		};
		385427BC1F45A26B0092F6DF /* Resources */ = {
			isa = PBXResourcesBuildPhase;
			buildActionMask = 2147483647;
			files = (
			);
			runOnlyForDeploymentPostprocessing = 0;
		};
		385427C71F45A26B0092F6DF /* Resources */ = {
			isa = PBXResourcesBuildPhase;
			buildActionMask = 2147483647;
			files = (
			);
			runOnlyForDeploymentPostprocessing = 0;
		};
/* End PBXResourcesBuildPhase section */

/* Begin PBXSourcesBuildPhase section */
		385427A11F45A26B0092F6DF /* Sources */ = {
			isa = PBXSourcesBuildPhase;
			buildActionMask = 2147483647;
			files = (
				3854283C1F45CAF20092F6DF /* View+MASAdditions.m in Sources */,
				385427EF1F45AF260092F6DF /* JobVC.m in Sources */,
				385427B01F45A26B0092F6DF /* ViewController.m in Sources */,
				6B108BB11F4869D200957CD4 /* UILabel+LabelHeightAndWidth.m in Sources */,
				385427F21F45AFEA0092F6DF /* CompanyVC.m in Sources */,
				385428121F45BF720092F6DF /* MineVC.m in Sources */,
				3854280F1F45BF570092F6DF /* MsgVC.m in Sources */,
				6B24D03E1F47E8CB0027B16E /* PosLeftFilterCell.m in Sources */,
				6B24D0481F4815CD0027B16E /* CityOrMetroModel.m in Sources */,
				3854283D1F45CAF20092F6DF /* ViewController+MASAdditions.m in Sources */,
				385428381F45CAF20092F6DF /* MASViewAttribute.m in Sources */,
				385428341F45CAF20092F6DF /* MASCompositeConstraint.m in Sources */,
				385427E21F45AA0D0092F6DF /* BaseViewController.m in Sources */,
				385427DE1F45A5A70092F6DF /* BottomTabBarVC.m in Sources */,
				385428361F45CAF20092F6DF /* MASConstraintMaker.m in Sources */,
				38AA36B11F4A89CF00D641DE /* PageSegmentMgr.m in Sources */,
				385428351F45CAF20092F6DF /* MASConstraint.m in Sources */,
				38AA36B81F4AB8AF00D641DE /* PositionStrategy.m in Sources */,
				38AA36BB1F4AC87600D641DE /* CompanyStrategy.m in Sources */,
				3854283B1F45CAF20092F6DF /* NSLayoutConstraint+MASDebugAdditions.m in Sources */,
				385428371F45CAF20092F6DF /* MASLayoutConstraint.m in Sources */,
				6B4DD7801F49589A00590D86 /* UIView+Extension.m in Sources */,
				3854283A1F45CAF20092F6DF /* NSArray+MASAdditions.m in Sources */,
				6B4DD77D1F49587300590D86 /* FlowLayout.m in Sources */,
				38623F7B1F4686D100C5FFCE /* FilterNavBar.m in Sources */,
				385427AD1F45A26B0092F6DF /* AppDelegate.m in Sources */,
				38AA36AE1F4A873B00D641DE /* BasePageSegment.m in Sources */,
				385428051F45BB680092F6DF /* UIImage+UIImageExtras.m in Sources */,
				6B4DD7831F4980CA00590D86 /* PaddingLabel.m in Sources */,
				38AA36B51F4A8BC000D641DE /* RecommendStrategy.m in Sources */,
				385427AA1F45A26B0092F6DF /* main.m in Sources */,
				385428391F45CAF20092F6DF /* MASViewConstraint.m in Sources */,
				6B22867F1F49DE8300ED022B /* JobCell.m in Sources */,
				6B24D03B1F47E8360027B16E /* BaseTabViewCell.m in Sources */,
			);
			runOnlyForDeploymentPostprocessing = 0;
		};
		385427BA1F45A26B0092F6DF /* Sources */ = {
			isa = PBXSourcesBuildPhase;
			buildActionMask = 2147483647;
			files = (
				385427C31F45A26B0092F6DF /* BossJobTests.m in Sources */,
			);
			runOnlyForDeploymentPostprocessing = 0;
		};
		385427C51F45A26B0092F6DF /* Sources */ = {
			isa = PBXSourcesBuildPhase;
			buildActionMask = 2147483647;
			files = (
				385427CE1F45A26B0092F6DF /* BossJobUITests.m in Sources */,
			);
			runOnlyForDeploymentPostprocessing = 0;
		};
/* End PBXSourcesBuildPhase section */

/* Begin PBXTargetDependency section */
		385427C01F45A26B0092F6DF /* PBXTargetDependency */ = {
			isa = PBXTargetDependency;
			target = 385427A41F45A26B0092F6DF /* BossJob */;
			targetProxy = 385427BF1F45A26B0092F6DF /* PBXContainerItemProxy */;
		};
		385427CB1F45A26B0092F6DF /* PBXTargetDependency */ = {
			isa = PBXTargetDependency;
			target = 385427A41F45A26B0092F6DF /* BossJob */;
			targetProxy = 385427CA1F45A26B0092F6DF /* PBXContainerItemProxy */;
		};
/* End PBXTargetDependency section */

/* Begin PBXVariantGroup section */
		385427B11F45A26B0092F6DF /* Main.storyboard */ = {
			isa = PBXVariantGroup;
			children = (
				385427B21F45A26B0092F6DF /* Base */,
				385427EA1F45AD960092F6DF /* zh-Hans */,
			);
			name = Main.storyboard;
			sourceTree = "<group>";
		};
		385427B61F45A26B0092F6DF /* LaunchScreen.storyboard */ = {
			isa = PBXVariantGroup;
			children = (
				385427B71F45A26B0092F6DF /* Base */,
				385427EB1F45AD970092F6DF /* zh-Hans */,
			);
			name = LaunchScreen.storyboard;
			sourceTree = "<group>";
		};
		385427E71F45AC0F0092F6DF /* InfoPlist.strings */ = {
			isa = PBXVariantGroup;
			children = (
				385427E91F45AC500092F6DF /* en */,
				385427EC1F45AD970092F6DF /* zh-Hans */,
			);
			name = InfoPlist.strings;
			sourceTree = "<group>";
		};
		3854280A1F45BEA90092F6DF /* Localizable.strings */ = {
			isa = PBXVariantGroup;
			children = (
				3854280B1F45BEAC0092F6DF /* en */,
				3854280C1F45BEB00092F6DF /* zh-Hans */,
			);
			name = Localizable.strings;
			sourceTree = "<group>";
		};
/* End PBXVariantGroup section */

/* Begin XCBuildConfiguration section */
		385427D01F45A26B0092F6DF /* Debug */ = {
			isa = XCBuildConfiguration;
			buildSettings = {
				ALWAYS_SEARCH_USER_PATHS = NO;
				CLANG_ANALYZER_LOCALIZABILITY_NONLOCALIZED = YES;
				CLANG_ANALYZER_NONNULL = YES;
				CLANG_ANALYZER_NUMBER_OBJECT_CONVERSION = YES_AGGRESSIVE;
				CLANG_CXX_LANGUAGE_STANDARD = "gnu++0x";
				CLANG_CXX_LIBRARY = "libc++";
				CLANG_ENABLE_MODULES = YES;
				CLANG_ENABLE_OBJC_ARC = YES;
				CLANG_WARN_BOOL_CONVERSION = YES;
				CLANG_WARN_CONSTANT_CONVERSION = YES;
				CLANG_WARN_DIRECT_OBJC_ISA_USAGE = YES_ERROR;
				CLANG_WARN_DOCUMENTATION_COMMENTS = YES;
				CLANG_WARN_EMPTY_BODY = YES;
				CLANG_WARN_ENUM_CONVERSION = YES;
				CLANG_WARN_INFINITE_RECURSION = YES;
				CLANG_WARN_INT_CONVERSION = YES;
				CLANG_WARN_OBJC_ROOT_CLASS = YES_ERROR;
				CLANG_WARN_SUSPICIOUS_MOVE = YES;
				CLANG_WARN_UNREACHABLE_CODE = YES;
				CLANG_WARN__DUPLICATE_METHOD_MATCH = YES;
				"CODE_SIGN_IDENTITY[sdk=iphoneos*]" = "iPhone Developer";
				COPY_PHASE_STRIP = NO;
				DEBUG_INFORMATION_FORMAT = dwarf;
				ENABLE_STRICT_OBJC_MSGSEND = YES;
				ENABLE_TESTABILITY = YES;
				GCC_C_LANGUAGE_STANDARD = gnu99;
				GCC_DYNAMIC_NO_PIC = NO;
				GCC_NO_COMMON_BLOCKS = YES;
				GCC_OPTIMIZATION_LEVEL = 0;
				GCC_PREPROCESSOR_DEFINITIONS = (
					"DEBUG=1",
					"$(inherited)",
				);
				GCC_WARN_64_TO_32_BIT_CONVERSION = YES;
				GCC_WARN_ABOUT_RETURN_TYPE = YES_ERROR;
				GCC_WARN_UNDECLARED_SELECTOR = YES;
				GCC_WARN_UNINITIALIZED_AUTOS = YES_AGGRESSIVE;
				GCC_WARN_UNUSED_FUNCTION = YES;
				GCC_WARN_UNUSED_VARIABLE = YES;
				IPHONEOS_DEPLOYMENT_TARGET = 10.3;
				MTL_ENABLE_DEBUG_INFO = YES;
				ONLY_ACTIVE_ARCH = YES;
				SDKROOT = iphoneos;
				TARGETED_DEVICE_FAMILY = "1,2";
			};
			name = Debug;
		};
		385427D11F45A26B0092F6DF /* Release */ = {
			isa = XCBuildConfiguration;
			buildSettings = {
				ALWAYS_SEARCH_USER_PATHS = NO;
				CLANG_ANALYZER_LOCALIZABILITY_NONLOCALIZED = YES;
				CLANG_ANALYZER_NONNULL = YES;
				CLANG_ANALYZER_NUMBER_OBJECT_CONVERSION = YES_AGGRESSIVE;
				CLANG_CXX_LANGUAGE_STANDARD = "gnu++0x";
				CLANG_CXX_LIBRARY = "libc++";
				CLANG_ENABLE_MODULES = YES;
				CLANG_ENABLE_OBJC_ARC = YES;
				CLANG_WARN_BOOL_CONVERSION = YES;
				CLANG_WARN_CONSTANT_CONVERSION = YES;
				CLANG_WARN_DIRECT_OBJC_ISA_USAGE = YES_ERROR;
				CLANG_WARN_DOCUMENTATION_COMMENTS = YES;
				CLANG_WARN_EMPTY_BODY = YES;
				CLANG_WARN_ENUM_CONVERSION = YES;
				CLANG_WARN_INFINITE_RECURSION = YES;
				CLANG_WARN_INT_CONVERSION = YES;
				CLANG_WARN_OBJC_ROOT_CLASS = YES_ERROR;
				CLANG_WARN_SUSPICIOUS_MOVE = YES;
				CLANG_WARN_UNREACHABLE_CODE = YES;
				CLANG_WARN__DUPLICATE_METHOD_MATCH = YES;
				"CODE_SIGN_IDENTITY[sdk=iphoneos*]" = "iPhone Developer";
				COPY_PHASE_STRIP = NO;
				DEBUG_INFORMATION_FORMAT = "dwarf-with-dsym";
				ENABLE_NS_ASSERTIONS = NO;
				ENABLE_STRICT_OBJC_MSGSEND = YES;
				GCC_C_LANGUAGE_STANDARD = gnu99;
				GCC_NO_COMMON_BLOCKS = YES;
				GCC_WARN_64_TO_32_BIT_CONVERSION = YES;
				GCC_WARN_ABOUT_RETURN_TYPE = YES_ERROR;
				GCC_WARN_UNDECLARED_SELECTOR = YES;
				GCC_WARN_UNINITIALIZED_AUTOS = YES_AGGRESSIVE;
				GCC_WARN_UNUSED_FUNCTION = YES;
				GCC_WARN_UNUSED_VARIABLE = YES;
				IPHONEOS_DEPLOYMENT_TARGET = 10.3;
				MTL_ENABLE_DEBUG_INFO = NO;
				SDKROOT = iphoneos;
				TARGETED_DEVICE_FAMILY = "1,2";
				VALIDATE_PRODUCT = YES;
			};
			name = Release;
		};
		385427D31F45A26B0092F6DF /* Debug */ = {
			isa = XCBuildConfiguration;
			buildSettings = {
				ASSETCATALOG_COMPILER_APPICON_NAME = AppIcon;
				INFOPLIST_FILE = BossJob/Info.plist;
				LD_RUNPATH_SEARCH_PATHS = "$(inherited) @executable_path/Frameworks";
				PRODUCT_BUNDLE_IDENTIFIER = baize.BossJob;
				PRODUCT_NAME = "$(TARGET_NAME)";
			};
			name = Debug;
		};
		385427D41F45A26B0092F6DF /* Release */ = {
			isa = XCBuildConfiguration;
			buildSettings = {
				ASSETCATALOG_COMPILER_APPICON_NAME = AppIcon;
				INFOPLIST_FILE = BossJob/Info.plist;
				LD_RUNPATH_SEARCH_PATHS = "$(inherited) @executable_path/Frameworks";
				PRODUCT_BUNDLE_IDENTIFIER = baize.BossJob;
				PRODUCT_NAME = "$(TARGET_NAME)";
			};
			name = Release;
		};
		385427D61F45A26B0092F6DF /* Debug */ = {
			isa = XCBuildConfiguration;
			buildSettings = {
				BUNDLE_LOADER = "$(TEST_HOST)";
				INFOPLIST_FILE = BossJobTests/Info.plist;
				LD_RUNPATH_SEARCH_PATHS = "$(inherited) @executable_path/Frameworks @loader_path/Frameworks";
				PRODUCT_BUNDLE_IDENTIFIER = baize.BossJobTests;
				PRODUCT_NAME = "$(TARGET_NAME)";
				TEST_HOST = "$(BUILT_PRODUCTS_DIR)/BossJob.app/BossJob";
			};
			name = Debug;
		};
		385427D71F45A26B0092F6DF /* Release */ = {
			isa = XCBuildConfiguration;
			buildSettings = {
				BUNDLE_LOADER = "$(TEST_HOST)";
				INFOPLIST_FILE = BossJobTests/Info.plist;
				LD_RUNPATH_SEARCH_PATHS = "$(inherited) @executable_path/Frameworks @loader_path/Frameworks";
				PRODUCT_BUNDLE_IDENTIFIER = baize.BossJobTests;
				PRODUCT_NAME = "$(TARGET_NAME)";
				TEST_HOST = "$(BUILT_PRODUCTS_DIR)/BossJob.app/BossJob";
			};
			name = Release;
		};
		385427D91F45A26B0092F6DF /* Debug */ = {
			isa = XCBuildConfiguration;
			buildSettings = {
				INFOPLIST_FILE = BossJobUITests/Info.plist;
				LD_RUNPATH_SEARCH_PATHS = "$(inherited) @executable_path/Frameworks @loader_path/Frameworks";
				PRODUCT_BUNDLE_IDENTIFIER = baize.BossJobUITests;
				PRODUCT_NAME = "$(TARGET_NAME)";
				TEST_TARGET_NAME = BossJob;
			};
			name = Debug;
		};
		385427DA1F45A26B0092F6DF /* Release */ = {
			isa = XCBuildConfiguration;
			buildSettings = {
				INFOPLIST_FILE = BossJobUITests/Info.plist;
				LD_RUNPATH_SEARCH_PATHS = "$(inherited) @executable_path/Frameworks @loader_path/Frameworks";
				PRODUCT_BUNDLE_IDENTIFIER = baize.BossJobUITests;
				PRODUCT_NAME = "$(TARGET_NAME)";
				TEST_TARGET_NAME = BossJob;
			};
			name = Release;
		};
/* End XCBuildConfiguration section */

/* Begin XCConfigurationList section */
		385427A01F45A26B0092F6DF /* Build configuration list for PBXProject "BossJob" */ = {
			isa = XCConfigurationList;
			buildConfigurations = (
				385427D01F45A26B0092F6DF /* Debug */,
				385427D11F45A26B0092F6DF /* Release */,
			);
			defaultConfigurationIsVisible = 0;
			defaultConfigurationName = Release;
		};
		385427D21F45A26B0092F6DF /* Build configuration list for PBXNativeTarget "BossJob" */ = {
			isa = XCConfigurationList;
			buildConfigurations = (
				385427D31F45A26B0092F6DF /* Debug */,
				385427D41F45A26B0092F6DF /* Release */,
			);
			defaultConfigurationIsVisible = 0;
			defaultConfigurationName = Release;
		};
		385427D51F45A26B0092F6DF /* Build configuration list for PBXNativeTarget "BossJobTests" */ = {
			isa = XCConfigurationList;
			buildConfigurations = (
				385427D61F45A26B0092F6DF /* Debug */,
				385427D71F45A26B0092F6DF /* Release */,
			);
			defaultConfigurationIsVisible = 0;
			defaultConfigurationName = Release;
		};
		385427D81F45A26B0092F6DF /* Build configuration list for PBXNativeTarget "BossJobUITests" */ = {
			isa = XCConfigurationList;
			buildConfigurations = (
				385427D91F45A26B0092F6DF /* Debug */,
				385427DA1F45A26B0092F6DF /* Release */,
			);
			defaultConfigurationIsVisible = 0;
			defaultConfigurationName = Release;
		};
/* End XCConfigurationList section */
	};
	rootObject = 3854279D1F45A26B0092F6DF /* Project object */;
}
